{
  "name": "avs-with-python",
  "version": "1.0.0",
  "lockfileVersion": 1,
  "requires": true,
  "dependencies": {
    "http2-debug": {
      "version": "1.2.1",
      "resolved": "https://registry.npmjs.org/http2-debug/-/http2-debug-1.2.1.tgz",
      "integrity": "sha512-BqLIpmcw0A03qgc3PJGKfGEC0lBT7ngGd7H6sA2CXfubBeab0nZMFxVHzULzJ33lkgFfRtklxPYnka4hEcqNYA=="
    }
  }
}
